
Microsoft Visual Studio Solution File, Format Version 12.00
# Visual Studio Version 17
VisualStudioVersion = 17.11.35327.3
MinimumVisualStudioVersion = 10.0.40219.1
Project("{8BC9CEB8-8B4A-11D0-8D11-00A0C91BC942}") = "main_winui", "main_winui.vcxproj", "{080DD84C-D4BB-4BBF-B7A9-225A604EF6BE}"
EndProject
Global
	GlobalSection(SolutionConfigurationPlatforms) = preSolution
		Debug|ARM64 = Debug|ARM64
		Debug|x64 = Debug|x64
		Debug|x86 = Debug|x86
		Release|ARM64 = Release|ARM64
		Release|x64 = Release|x64
		Release|x86 = Release|x86
	EndGlobalSection
	GlobalSection(ProjectConfigurationPlatforms) = postSolution
		{080DD84C-D4BB-4BBF-B7A9-225A604EF6BE}.Debug|ARM64.ActiveCfg = Debug|ARM64
		{080DD84C-D4BB-4BBF-B7A9-225A604EF6BE}.Debug|ARM64.Build.0 = Debug|ARM64
		{080DD84C-D4BB-4BBF-B7A9-225A604EF6BE}.Debug|ARM64.Deploy.0 = Debug|ARM64
		{080DD84C-D4BB-4BBF-B7A9-225A604EF6BE}.Debug|x64.ActiveCfg = Debug|x64
		{080DD84C-D4BB-4BBF-B7A9-225A604EF6BE}.Debug|x64.Build.0 = Debug|x64
		{080DD84C-D4BB-4BBF-B7A9-225A604EF6BE}.Debug|x64.Deploy.0 = Debug|x64
		{080DD84C-D4BB-4BBF-B7A9-225A604EF6BE}.Debug|x86.ActiveCfg = Debug|Win32
		{080DD84C-D4BB-4BBF-B7A9-225A604EF6BE}.Debug|x86.Build.0 = Debug|Win32
		{080DD84C-D4BB-4BBF-B7A9-225A604EF6BE}.Debug|x86.Deploy.0 = Debug|Win32
		{080DD84C-D4BB-4BBF-B7A9-225A604EF6BE}.Release|ARM64.ActiveCfg = Release|ARM64
		{080DD84C-D4BB-4BBF-B7A9-225A604EF6BE}.Release|ARM64.Build.0 = Release|ARM64
		{080DD84C-D4BB-4BBF-B7A9-225A604EF6BE}.Release|ARM64.Deploy.0 = Release|ARM64
		{080DD84C-D4BB-4BBF-B7A9-225A604EF6BE}.Release|x64.ActiveCfg = Release|x64
		{080DD84C-D4BB-4BBF-B7A9-225A604EF6BE}.Release|x64.Build.0 = Release|x64
		{080DD84C-D4BB-4BBF-B7A9-225A604EF6BE}.Release|x64.Deploy.0 = Release|x64
		{080DD84C-D4BB-4BBF-B7A9-225A604EF6BE}.Release|x86.ActiveCfg = Release|Win32
		{080DD84C-D4BB-4BBF-B7A9-225A604EF6BE}.Release|x86.Build.0 = Release|Win32
		{080DD84C-D4BB-4BBF-B7A9-225A604EF6BE}.Release|x86.Deploy.0 = Release|Win32
	EndGlobalSection
	GlobalSection(SolutionProperties) = preSolution
		HideSolutionNode = FALSE
	EndGlobalSection
	GlobalSection(ExtensibilityGlobals) = postSolution
		SolutionGuid = {851E3AA1-8F0E-465D-AAD4-FEC4A65F4A55}
	EndGlobalSection
EndGlobal
